# This file is automatically @generated by Cargo.
# It is not intended for manual editing.
version = 3

[[package]]
name = "bootloader"
version = "0.9.18"
source = "registry+https://github.com/rust-lang/crates.io-index"
checksum = "7a3c1ceed1cd9e61c7998100cc18c13d413aa40d018992b871ab8e7435ce6372"

[[package]]
name = "teberianos"
version = "0.1.0"
dependencies = [
 "bootloader",
 "volatile",
]

[[package]]
name = "volatile"
version = "0.2.7"
source = "registry+https://github.com/rust-lang/crates.io-index"
checksum = "f6b06ad3ed06fef1713569d547cdbdb439eafed76341820fb0e0344f29a41945"
